
Microsoft Visual Studio Solution File, Format Version 12.00
Project("{FAE04EC0-301F-11D3-BF4B-00C04F79EFBC}") = "Getig.Models", "Getig.Models\Getig.Models.csproj", "{5EC5FA1F-F6ED-475C-92E2-A3C323809136}"
EndProject
Project("{FAE04EC0-301F-11D3-BF4B-00C04F79EFBC}") = "Getig.Services", "Getig.Services\Getig.Services.csproj", "{1EB894C3-A561-4E20-BD1E-33D54C475927}"
EndProject
Project("{FAE04EC0-301F-11D3-BF4B-00C04F79EFBC}") = "Getig.WinApp", "Getig.WinApp\Getig.WinApp.csproj", "{430952FB-7BB7-4429-A422-E8FA67FA3EBE}"
EndProject
Global
	GlobalSection(SolutionConfigurationPlatforms) = preSolution
		Debug|Any CPU = Debug|Any CPU
		Release|Any CPU = Release|Any CPU
	EndGlobalSection
	GlobalSection(ProjectConfigurationPlatforms) = postSolution
		{5EC5FA1F-F6ED-475C-92E2-A3C323809136}.Debug|Any CPU.ActiveCfg = Debug|Any CPU
		{5EC5FA1F-F6ED-475C-92E2-A3C323809136}.Debug|Any CPU.Build.0 = Debug|Any CPU
		{5EC5FA1F-F6ED-475C-92E2-A3C323809136}.Release|Any CPU.ActiveCfg = Release|Any CPU
		{5EC5FA1F-F6ED-475C-92E2-A3C323809136}.Release|Any CPU.Build.0 = Release|Any CPU
		{1EB894C3-A561-4E20-BD1E-33D54C475927}.Debug|Any CPU.ActiveCfg = Debug|Any CPU
		{1EB894C3-A561-4E20-BD1E-33D54C475927}.Debug|Any CPU.Build.0 = Debug|Any CPU
		{1EB894C3-A561-4E20-BD1E-33D54C475927}.Release|Any CPU.ActiveCfg = Release|Any CPU
		{1EB894C3-A561-4E20-BD1E-33D54C475927}.Release|Any CPU.Build.0 = Release|Any CPU
		{430952FB-7BB7-4429-A422-E8FA67FA3EBE}.Debug|Any CPU.ActiveCfg = Debug|Any CPU
		{430952FB-7BB7-4429-A422-E8FA67FA3EBE}.Debug|Any CPU.Build.0 = Debug|Any CPU
		{430952FB-7BB7-4429-A422-E8FA67FA3EBE}.Release|Any CPU.ActiveCfg = Release|Any CPU
		{430952FB-7BB7-4429-A422-E8FA67FA3EBE}.Release|Any CPU.Build.0 = Release|Any CPU
	EndGlobalSection
EndGlobal
